
Microsoft Visual Studio Solution File, Format Version 12.00
# Visual Studio Version 17
VisualStudioVersion = 17.13.35806.99 d17.13
MinimumVisualStudioVersion = 10.0.40219.1
Project("{FAE04EC0-301F-11D3-BF4B-00C04F79EFBC}") = "ArmaReforgerServerMonitor.Frontend", "ArmaReforgerServerMonitor.Frontend.csproj", "{14D9D5E6-EB7C-8480-138F-C7889C819E36}"
EndProject
Global
	GlobalSection(SolutionConfigurationPlatforms) = preSolution
		Debug|Any CPU = Debug|Any CPU
		Release|Any CPU = Release|Any CPU
	EndGlobalSection
	GlobalSection(ProjectConfigurationPlatforms) = postSolution
		{14D9D5E6-EB7C-8480-138F-C7889C819E36}.Debug|Any CPU.ActiveCfg = Debug|Any CPU
		{14D9D5E6-EB7C-8480-138F-C7889C819E36}.Debug|Any CPU.Build.0 = Debug|Any CPU
		{14D9D5E6-EB7C-8480-138F-C7889C819E36}.Release|Any CPU.ActiveCfg = Release|Any CPU
		{14D9D5E6-EB7C-8480-138F-C7889C819E36}.Release|Any CPU.Build.0 = Release|Any CPU
	EndGlobalSection
	GlobalSection(SolutionProperties) = preSolution
		HideSolutionNode = FALSE
	EndGlobalSection
	GlobalSection(ExtensibilityGlobals) = postSolution
		SolutionGuid = {F4D7C56A-FE17-49CF-AB4F-CC720D7A1460}
	EndGlobalSection
EndGlobal
